
Microsoft Visual Studio Solution File, Format Version 12.00
# Visual Studio 15
VisualStudioVersion = 15.0.26124.0
MinimumVisualStudioVersion = 15.0.26124.0
Project("{FAE04EC0-301F-11D3-BF4B-00C04F79EFBC}") = "AssemblyReaderLib", "AssemblyReaderLib\AssemblyReaderLib.csproj", "{08A52E76-A877-4F3C-9B3C-83A0BD7B5CE7}"
EndProject
Project("{2150E333-8FDC-42A3-9474-1A3956D46DE8}") = "Solution Items", "Solution Items", "{F6A4AB09-891C-473C-8458-D8B5401B6521}"
	ProjectSection(SolutionItems) = preProject
		..\README.md = ..\README.md
	EndProjectSection
EndProject
Project("{FAE04EC0-301F-11D3-BF4B-00C04F79EFBC}") = "AssemblyReader.NetCore20", "AssemblyReader.NetCore20\AssemblyReader.NetCore20.csproj", "{A94DBBD1-4AAD-4CAF-8DCD-D56CCE2A8AF8}"
EndProject
Project("{FAE04EC0-301F-11D3-BF4B-00C04F79EFBC}") = "AssemblyReader.Net47", "AssemblyReader.Net47\AssemblyReader.Net47.csproj", "{F05CDD9F-95A1-49EE-AF33-8F456AE30598}"
EndProject
Global
	GlobalSection(SolutionConfigurationPlatforms) = preSolution
		Debug|Any CPU = Debug|Any CPU
		Debug|x64 = Debug|x64
		Debug|x86 = Debug|x86
		Release|Any CPU = Release|Any CPU
		Release|x64 = Release|x64
		Release|x86 = Release|x86
	EndGlobalSection
	GlobalSection(ProjectConfigurationPlatforms) = postSolution
		{08A52E76-A877-4F3C-9B3C-83A0BD7B5CE7}.Debug|Any CPU.ActiveCfg = Debug|Any CPU
		{08A52E76-A877-4F3C-9B3C-83A0BD7B5CE7}.Debug|Any CPU.Build.0 = Debug|Any CPU
		{08A52E76-A877-4F3C-9B3C-83A0BD7B5CE7}.Debug|x64.ActiveCfg = Debug|Any CPU
		{08A52E76-A877-4F3C-9B3C-83A0BD7B5CE7}.Debug|x64.Build.0 = Debug|Any CPU
		{08A52E76-A877-4F3C-9B3C-83A0BD7B5CE7}.Debug|x86.ActiveCfg = Debug|Any CPU
		{08A52E76-A877-4F3C-9B3C-83A0BD7B5CE7}.Debug|x86.Build.0 = Debug|Any CPU
		{08A52E76-A877-4F3C-9B3C-83A0BD7B5CE7}.Release|Any CPU.ActiveCfg = Release|Any CPU
		{08A52E76-A877-4F3C-9B3C-83A0BD7B5CE7}.Release|Any CPU.Build.0 = Release|Any CPU
		{08A52E76-A877-4F3C-9B3C-83A0BD7B5CE7}.Release|x64.ActiveCfg = Release|Any CPU
		{08A52E76-A877-4F3C-9B3C-83A0BD7B5CE7}.Release|x64.Build.0 = Release|Any CPU
		{08A52E76-A877-4F3C-9B3C-83A0BD7B5CE7}.Release|x86.ActiveCfg = Release|Any CPU
		{08A52E76-A877-4F3C-9B3C-83A0BD7B5CE7}.Release|x86.Build.0 = Release|Any CPU
		{A94DBBD1-4AAD-4CAF-8DCD-D56CCE2A8AF8}.Debug|Any CPU.ActiveCfg = Debug|Any CPU
		{A94DBBD1-4AAD-4CAF-8DCD-D56CCE2A8AF8}.Debug|Any CPU.Build.0 = Debug|Any CPU
		{A94DBBD1-4AAD-4CAF-8DCD-D56CCE2A8AF8}.Debug|x64.ActiveCfg = Debug|Any CPU
		{A94DBBD1-4AAD-4CAF-8DCD-D56CCE2A8AF8}.Debug|x64.Build.0 = Debug|Any CPU
		{A94DBBD1-4AAD-4CAF-8DCD-D56CCE2A8AF8}.Debug|x86.ActiveCfg = Debug|Any CPU
		{A94DBBD1-4AAD-4CAF-8DCD-D56CCE2A8AF8}.Debug|x86.Build.0 = Debug|Any CPU
		{A94DBBD1-4AAD-4CAF-8DCD-D56CCE2A8AF8}.Release|Any CPU.ActiveCfg = Release|Any CPU
		{A94DBBD1-4AAD-4CAF-8DCD-D56CCE2A8AF8}.Release|Any CPU.Build.0 = Release|Any CPU
		{A94DBBD1-4AAD-4CAF-8DCD-D56CCE2A8AF8}.Release|x64.ActiveCfg = Release|Any CPU
		{A94DBBD1-4AAD-4CAF-8DCD-D56CCE2A8AF8}.Release|x64.Build.0 = Release|Any CPU
		{A94DBBD1-4AAD-4CAF-8DCD-D56CCE2A8AF8}.Release|x86.ActiveCfg = Release|Any CPU
		{A94DBBD1-4AAD-4CAF-8DCD-D56CCE2A8AF8}.Release|x86.Build.0 = Release|Any CPU
		{F05CDD9F-95A1-49EE-AF33-8F456AE30598}.Debug|Any CPU.ActiveCfg = Debug|Any CPU
		{F05CDD9F-95A1-49EE-AF33-8F456AE30598}.Debug|Any CPU.Build.0 = Debug|Any CPU
		{F05CDD9F-95A1-49EE-AF33-8F456AE30598}.Debug|x64.ActiveCfg = Debug|Any CPU
		{F05CDD9F-95A1-49EE-AF33-8F456AE30598}.Debug|x64.Build.0 = Debug|Any CPU
		{F05CDD9F-95A1-49EE-AF33-8F456AE30598}.Debug|x86.ActiveCfg = Debug|Any CPU
		{F05CDD9F-95A1-49EE-AF33-8F456AE30598}.Debug|x86.Build.0 = Debug|Any CPU
		{F05CDD9F-95A1-49EE-AF33-8F456AE30598}.Release|Any CPU.ActiveCfg = Release|Any CPU
		{F05CDD9F-95A1-49EE-AF33-8F456AE30598}.Release|Any CPU.Build.0 = Release|Any CPU
		{F05CDD9F-95A1-49EE-AF33-8F456AE30598}.Release|x64.ActiveCfg = Release|Any CPU
		{F05CDD9F-95A1-49EE-AF33-8F456AE30598}.Release|x64.Build.0 = Release|Any CPU
		{F05CDD9F-95A1-49EE-AF33-8F456AE30598}.Release|x86.ActiveCfg = Release|Any CPU
		{F05CDD9F-95A1-49EE-AF33-8F456AE30598}.Release|x86.Build.0 = Release|Any CPU
	EndGlobalSection
	GlobalSection(SolutionProperties) = preSolution
		HideSolutionNode = FALSE
	EndGlobalSection
	GlobalSection(ExtensibilityGlobals) = postSolution
		SolutionGuid = {884E094F-3F5E-40AF-9829-C2F129073220}
	EndGlobalSection
EndGlobal
